
Microsoft Visual Studio Solution File, Format Version 12.00
# Visual Studio 15
VisualStudioVersion = 15.0.28307.438
MinimumVisualStudioVersion = 10.0.40219.1
Project("{FAE04EC0-301F-11D3-BF4B-00C04F79EFBC}") = "FicheDePayeJSON", "FicheDePayeJSON\FicheDePayeJSON.csproj", "{819839CA-ABD6-46FB-A158-CD7ECF58DF5A}"
EndProject
Global
	GlobalSection(SolutionConfigurationPlatforms) = preSolution
		Debug|Any CPU = Debug|Any CPU
		Release|Any CPU = Release|Any CPU
	EndGlobalSection
	GlobalSection(ProjectConfigurationPlatforms) = postSolution
		{819839CA-ABD6-46FB-A158-CD7ECF58DF5A}.Debug|Any CPU.ActiveCfg = Debug|Any CPU
		{819839CA-ABD6-46FB-A158-CD7ECF58DF5A}.Debug|Any CPU.Build.0 = Debug|Any CPU
		{819839CA-ABD6-46FB-A158-CD7ECF58DF5A}.Release|Any CPU.ActiveCfg = Release|Any CPU
		{819839CA-ABD6-46FB-A158-CD7ECF58DF5A}.Release|Any CPU.Build.0 = Release|Any CPU
	EndGlobalSection
	GlobalSection(SolutionProperties) = preSolution
		HideSolutionNode = FALSE
	EndGlobalSection
	GlobalSection(ExtensibilityGlobals) = postSolution
		SolutionGuid = {2CFD4DEE-9FD3-4884-B058-F19B7B3F41F5}
	EndGlobalSection
EndGlobal
